
Microsoft Visual Studio Solution File, Format Version 12.00
# Visual Studio Version 17
VisualStudioVersion = 17.9.34622.214
MinimumVisualStudioVersion = 10.0.40219.1
Project("{FAE04EC0-301F-11D3-BF4B-00C04F79EFBC}") = "FBO Parse", "FBO Parse\FBO Parse.csproj", "{7C62D359-E965-4F65-8E6B-00CC2B0CB530}"
EndProject
Global
	GlobalSection(SolutionConfigurationPlatforms) = preSolution
		Debug|Any CPU = Debug|Any CPU
		Release|Any CPU = Release|Any CPU
	EndGlobalSection
	GlobalSection(ProjectConfigurationPlatforms) = postSolution
		{7C62D359-E965-4F65-8E6B-00CC2B0CB530}.Debug|Any CPU.ActiveCfg = Debug|Any CPU
		{7C62D359-E965-4F65-8E6B-00CC2B0CB530}.Debug|Any CPU.Build.0 = Debug|Any CPU
		{7C62D359-E965-4F65-8E6B-00CC2B0CB530}.Release|Any CPU.ActiveCfg = Release|Any CPU
		{7C62D359-E965-4F65-8E6B-00CC2B0CB530}.Release|Any CPU.Build.0 = Release|Any CPU
	EndGlobalSection
	GlobalSection(SolutionProperties) = preSolution
		HideSolutionNode = FALSE
	EndGlobalSection
	GlobalSection(ExtensibilityGlobals) = postSolution
		SolutionGuid = {933BE4FD-104A-4042-B024-EB7792E2E3A2}
	EndGlobalSection
EndGlobal
